// !$*UTF8*$!
{
	archiveVersion = 1;
	classes = {
	};
	objectVersion = 56;
	objects = {

/* Begin PBXBuildFile section */
		062B2A502CB1A54000AD6720 /* pruebaApp.swift in Sources */ = {isa = PBXBuildFile; fileRef = 062B2A4F2CB1A54000AD6720 /* pruebaApp.swift */; };
		062B2A522CB1A54000AD6720 /* ContentView.swift in Sources */ = {isa = PBXBuildFile; fileRef = 062B2A512CB1A54000AD6720 /* ContentView.swift */; };
		062B2A542CB1A54000AD6720 /* Assets.xcassets in Resources */ = {isa = PBXBuildFile; fileRef = 062B2A532CB1A54000AD6720 /* Assets.xcassets */; };
		062B2A572CB1A54000AD6720 /* Preview Assets.xcassets in Resources */ = {isa = PBXBuildFile; fileRef = 062B2A562CB1A54000AD6720 /* Preview Assets.xcassets */; };
		062B2A592CB1A54000AD6720 /* Persistence.swift in Sources */ = {isa = PBXBuildFile; fileRef = 062B2A582CB1A54000AD6720 /* Persistence.swift */; };
		062B2A5C2CB1A54000AD6720 /* prueba.xcdatamodeld in Sources */ = {isa = PBXBuildFile; fileRef = 062B2A5A2CB1A54000AD6720 /* prueba.xcdatamodeld */; };
		068B19722CB344C100FDB06F /* FirebaseAuth in Frameworks */ = {isa = PBXBuildFile; productRef = 068B19712CB344C100FDB06F /* FirebaseAuth */; };
		06AE53F42CB32D5F009025D9 /* FirebaseAnalytics in Frameworks */ = {isa = PBXBuildFile; productRef = 06AE53F32CB32D5F009025D9 /* FirebaseAnalytics */; };
		06AE53F62CB32D5F009025D9 /* FirebaseAnalyticsOnDeviceConversion in Frameworks */ = {isa = PBXBuildFile; productRef = 06AE53F52CB32D5F009025D9 /* FirebaseAnalyticsOnDeviceConversion */; };
		06AE53F82CB32E21009025D9 /* GoogleService-Info.plist in Resources */ = {isa = PBXBuildFile; fileRef = 06AE53F72CB32E21009025D9 /* GoogleService-Info.plist */; };
/* End PBXBuildFile section */

/* Begin PBXFileReference section */
		062B2A4C2CB1A54000AD6720 /* Registro del usuario.app */ = {isa = PBXFileReference; explicitFileType = wrapper.application; includeInIndex = 0; path = "Registro del usuario.app"; sourceTree = BUILT_PRODUCTS_DIR; };
		062B2A4F2CB1A54000AD6720 /* pruebaApp.swift */ = {isa = PBXFileReference; lastKnownFileType = sourcecode.swift; path = pruebaApp.swift; sourceTree = "<group>"; };
		062B2A512CB1A54000AD6720 /* ContentView.swift */ = {isa = PBXFileReference; lastKnownFileType = sourcecode.swift; path = ContentView.swift; sourceTree = "<group>"; };
		062B2A532CB1A54000AD6720 /* Assets.xcassets */ = {isa = PBXFileReference; lastKnownFileType = folder.assetcatalog; path = Assets.xcassets; sourceTree = "<group>"; };
		062B2A562CB1A54000AD6720 /* Preview Assets.xcassets */ = {isa = PBXFileReference; lastKnownFileType = folder.assetcatalog; path = "Preview Assets.xcassets"; sourceTree = "<group>"; };
		062B2A582CB1A54000AD6720 /* Persistence.swift */ = {isa = PBXFileReference; lastKnownFileType = sourcecode.swift; path = Persistence.swift; sourceTree = "<group>"; };
		062B2A5B2CB1A54000AD6720 /* prueba.xcdatamodel */ = {isa = PBXFileReference; lastKnownFileType = wrapper.xcdatamodel; path = prueba.xcdatamodel; sourceTree = "<group>"; };
		06AE53F72CB32E21009025D9 /* GoogleService-Info.plist */ = {isa = PBXFileReference; fileEncoding = 4; lastKnownFileType = text.plist.xml; path = "GoogleService-Info.plist"; sourceTree = "<group>"; };
/* End PBXFileReference section */

/* Begin PBXFrameworksBuildPhase section */
		062B2A492CB1A54000AD6720 /* Frameworks */ = {
			isa = PBXFrameworksBuildPhase;
			buildActionMask = 2147483647;
			files = (
				06AE53F42CB32D5F009025D9 /* FirebaseAnalytics in Frameworks */,
				068B19722CB344C100FDB06F /* FirebaseAuth in Frameworks */,
				06AE53F62CB32D5F009025D9 /* FirebaseAnalyticsOnDeviceConversion in Frameworks */,
			);
			runOnlyForDeploymentPostprocessing = 0;
		};
/* End PBXFrameworksBuildPhase section */

/* Begin PBXGroup section */
		062B2A432CB1A54000AD6720 = {
			isa = PBXGroup;
			children = (
				062B2A4E2CB1A54000AD6720 /* prueba */,
				062B2A4D2CB1A54000AD6720 /* Products */,
				068B19702CB344C100FDB06F /* Frameworks */,
			);
			sourceTree = "<group>";
		};
		062B2A4D2CB1A54000AD6720 /* Products */ = {
			isa = PBXGroup;
			children = (
				062B2A4C2CB1A54000AD6720 /* Registro del usuario.app */,
			);
			name = Products;
			sourceTree = "<group>";
		};
		062B2A4E2CB1A54000AD6720 /* prueba */ = {
			isa = PBXGroup;
			children = (
				062B2A4F2CB1A54000AD6720 /* pruebaApp.swift */,
				062B2A512CB1A54000AD6720 /* ContentView.swift */,
				06AE53F72CB32E21009025D9 /* GoogleService-Info.plist */,
				062B2A532CB1A54000AD6720 /* Assets.xcassets */,
				062B2A582CB1A54000AD6720 /* Persistence.swift */,
				062B2A5A2CB1A54000AD6720 /* prueba.xcdatamodeld */,
				062B2A552CB1A54000AD6720 /* Preview Content */,
			);
			path = prueba;
			sourceTree = "<group>";
		};
		062B2A552CB1A54000AD6720 /* Preview Content */ = {
			isa = PBXGroup;
			children = (
				062B2A562CB1A54000AD6720 /* Preview Assets.xcassets */,
			);
			path = "Preview Content";
			sourceTree = "<group>";
		};
		068B19702CB344C100FDB06F /* Frameworks */ = {
			isa = PBXGroup;
			children = (
			);
			name = Frameworks;
			sourceTree = "<group>";
		};
/* End PBXGroup section */

/* Begin PBXNativeTarget section */
		062B2A4B2CB1A54000AD6720 /* Registro del usuario */ = {
			isa = PBXNativeTarget;
			buildConfigurationList = 062B2A5F2CB1A54000AD6720 /* Build configuration list for PBXNativeTarget "Registro del usuario" */;
			buildPhases = (
				062B2A482CB1A54000AD6720 /* Sources */,
				062B2A492CB1A54000AD6720 /* Frameworks */,
				062B2A4A2CB1A54000AD6720 /* Resources */,
			);
			buildRules = (
			);
			dependencies = (
			);
			name = "Registro del usuario";
			packageProductDependencies = (
				06AE53F32CB32D5F009025D9 /* FirebaseAnalytics */,
				06AE53F52CB32D5F009025D9 /* FirebaseAnalyticsOnDeviceConversion */,
				068B19712CB344C100FDB06F /* FirebaseAuth */,
			);
			productName = prueba;
			productReference = 062B2A4C2CB1A54000AD6720 /* Registro del usuario.app */;
			productType = "com.apple.product-type.application";
		};
/* End PBXNativeTarget section */

/* Begin PBXProject section */
		062B2A442CB1A54000AD6720 /* Project object */ = {
			isa = PBXProject;
			attributes = {
				BuildIndependentTargetsInParallel = 1;
				LastSwiftUpdateCheck = 1520;
				LastUpgradeCheck = 1520;
				TargetAttributes = {
					062B2A4B2CB1A54000AD6720 = {
						CreatedOnToolsVersion = 15.2;
					};
				};
			};
			buildConfigurationList = 062B2A472CB1A54000AD6720 /* Build configuration list for PBXProject "Registro del usuario" */;
			compatibilityVersion = "Xcode 14.0";
			developmentRegion = en;
			hasScannedForEncodings = 0;
			knownRegions = (
				en,
				Base,
			);
			mainGroup = 062B2A432CB1A54000AD6720;
			packageReferences = (
				06AE53F22CB32D5F009025D9 /* XCRemoteSwiftPackageReference "firebase-ios-sdk" */,
			);
			productRefGroup = 062B2A4D2CB1A54000AD6720 /* Products */;
			projectDirPath = "";
			projectRoot = "";
			targets = (
				062B2A4B2CB1A54000AD6720 /* Registro del usuario */,
			);
		};
/* End PBXProject section */

/* Begin PBXResourcesBuildPhase section */
		062B2A4A2CB1A54000AD6720 /* Resources */ = {
			isa = PBXResourcesBuildPhase;
			buildActionMask = 2147483647;
			files = (
				062B2A572CB1A54000AD6720 /* Preview Assets.xcassets in Resources */,
				06AE53F82CB32E21009025D9 /* GoogleService-Info.plist in Resources */,
				062B2A542CB1A54000AD6720 /* Assets.xcassets in Resources */,
			);
			runOnlyForDeploymentPostprocessing = 0;
		};
/* End PBXResourcesBuildPhase section */

/* Begin PBXSourcesBuildPhase section */
		062B2A482CB1A54000AD6720 /* Sources */ = {
			isa = PBXSourcesBuildPhase;
			buildActionMask = 2147483647;
			files = (
				062B2A592CB1A54000AD6720 /* Persistence.swift in Sources */,
				062B2A522CB1A54000AD6720 /* ContentView.swift in Sources */,
				062B2A5C2CB1A54000AD6720 /* prueba.xcdatamodeld in Sources */,
				062B2A502CB1A54000AD6720 /* pruebaApp.swift in Sources */,
			);
			runOnlyForDeploymentPostprocessing = 0;
		};
/* End PBXSourcesBuildPhase section */

/* Begin XCBuildConfiguration section */
		062B2A5D2CB1A54000AD6720 /* Debug */ = {
			isa = XCBuildConfiguration;
			buildSettings = {
				ALWAYS_SEARCH_USER_PATHS = NO;
				ASSETCATALOG_COMPILER_GENERATE_SWIFT_ASSET_SYMBOL_EXTENSIONS = YES;
				CLANG_ANALYZER_NONNULL = YES;
				CLANG_ANALYZER_NUMBER_OBJECT_CONVERSION = YES_AGGRESSIVE;
				CLANG_CXX_LANGUAGE_STANDARD = "gnu++20";
				CLANG_ENABLE_MODULES = YES;
				CLANG_ENABLE_OBJC_ARC = YES;
				CLANG_ENABLE_OBJC_WEAK = YES;
				CLANG_WARN_BLOCK_CAPTURE_AUTORELEASING = YES;
				CLANG_WARN_BOOL_CONVERSION = YES;
				CLANG_WARN_COMMA = YES;
				CLANG_WARN_CONSTANT_CONVERSION = YES;
				CLANG_WARN_DEPRECATED_OBJC_IMPLEMENTATIONS = YES;
				CLANG_WARN_DIRECT_OBJC_ISA_USAGE = YES_ERROR;
				CLANG_WARN_DOCUMENTATION_COMMENTS = YES;
				CLANG_WARN_EMPTY_BODY = YES;
				CLANG_WARN_ENUM_CONVERSION = YES;
				CLANG_WARN_INFINITE_RECURSION = YES;
				CLANG_WARN_INT_CONVERSION = YES;
				CLANG_WARN_NON_LITERAL_NULL_CONVERSION = YES;
				CLANG_WARN_OBJC_IMPLICIT_RETAIN_SELF = YES;
				CLANG_WARN_OBJC_LITERAL_CONVERSION = YES;
				CLANG_WARN_OBJC_ROOT_CLASS = YES_ERROR;
				CLANG_WARN_QUOTED_INCLUDE_IN_FRAMEWORK_HEADER = YES;
				CLANG_WARN_RANGE_LOOP_ANALYSIS = YES;
				CLANG_WARN_STRICT_PROTOTYPES = YES;
				CLANG_WARN_SUSPICIOUS_MOVE = YES;
				CLANG_WARN_UNGUARDED_AVAILABILITY = YES_AGGRESSIVE;
				CLANG_WARN_UNREACHABLE_CODE = YES;
				CLANG_WARN__DUPLICATE_METHOD_MATCH = YES;
				COPY_PHASE_STRIP = NO;
				DEBUG_INFORMATION_FORMAT = dwarf;
				ENABLE_STRICT_OBJC_MSGSEND = YES;
				ENABLE_TESTABILITY = YES;
				ENABLE_USER_SCRIPT_SANDBOXING = YES;
				GCC_C_LANGUAGE_STANDARD = gnu17;
				GCC_DYNAMIC_NO_PIC = NO;
				GCC_NO_COMMON_BLOCKS = YES;
				GCC_OPTIMIZATION_LEVEL = 0;
				GCC_PREPROCESSOR_DEFINITIONS = (
					"DEBUG=1",
					"$(inherited)",
				);
				GCC_WARN_64_TO_32_BIT_CONVERSION = YES;
				GCC_WARN_ABOUT_RETURN_TYPE = YES_ERROR;
				GCC_WARN_UNDECLARED_SELECTOR = YES;
				GCC_WARN_UNINITIALIZED_AUTOS = YES_AGGRESSIVE;
				GCC_WARN_UNUSED_FUNCTION = YES;
				GCC_WARN_UNUSED_VARIABLE = YES;
				IPHONEOS_DEPLOYMENT_TARGET = 17.2;
				LOCALIZATION_PREFERS_STRING_CATALOGS = YES;
				MTL_ENABLE_DEBUG_INFO = INCLUDE_SOURCE;
				MTL_FAST_MATH = YES;
				ONLY_ACTIVE_ARCH = YES;
				SDKROOT = iphoneos;
				SWIFT_ACTIVE_COMPILATION_CONDITIONS = "DEBUG $(inherited)";
				SWIFT_OPTIMIZATION_LEVEL = "-Onone";
			};
			name = Debug;
		};
		062B2A5E2CB1A54000AD6720 /* Release */ = {
			isa = XCBuildConfiguration;
			buildSettings = {
				ALWAYS_SEARCH_USER_PATHS = NO;
				ASSETCATALOG_COMPILER_GENERATE_SWIFT_ASSET_SYMBOL_EXTENSIONS = YES;
				CLANG_ANALYZER_NONNULL = YES;
				CLANG_ANALYZER_NUMBER_OBJECT_CONVERSION = YES_AGGRESSIVE;
				CLANG_CXX_LANGUAGE_STANDARD = "gnu++20";
				CLANG_ENABLE_MODULES = YES;
				CLANG_ENABLE_OBJC_ARC = YES;
				CLANG_ENABLE_OBJC_WEAK = YES;
				CLANG_WARN_BLOCK_CAPTURE_AUTORELEASING = YES;
				CLANG_WARN_BOOL_CONVERSION = YES;
				CLANG_WARN_COMMA = YES;
				CLANG_WARN_CONSTANT_CONVERSION = YES;
				CLANG_WARN_DEPRECATED_OBJC_IMPLEMENTATIONS = YES;
				CLANG_WARN_DIRECT_OBJC_ISA_USAGE = YES_ERROR;
				CLANG_WARN_DOCUMENTATION_COMMENTS = YES;
				CLANG_WARN_EMPTY_BODY = YES;
				CLANG_WARN_ENUM_CONVERSION = YES;
				CLANG_WARN_INFINITE_RECURSION = YES;
				CLANG_WARN_INT_CONVERSION = YES;
				CLANG_WARN_NON_LITERAL_NULL_CONVERSION = YES;
				CLANG_WARN_OBJC_IMPLICIT_RETAIN_SELF = YES;
				CLANG_WARN_OBJC_LITERAL_CONVERSION = YES;
				CLANG_WARN_OBJC_ROOT_CLASS = YES_ERROR;
				CLANG_WARN_QUOTED_INCLUDE_IN_FRAMEWORK_HEADER = YES;
				CLANG_WARN_RANGE_LOOP_ANALYSIS = YES;
				CLANG_WARN_STRICT_PROTOTYPES = YES;
				CLANG_WARN_SUSPICIOUS_MOVE = YES;
				CLANG_WARN_UNGUARDED_AVAILABILITY = YES_AGGRESSIVE;
				CLANG_WARN_UNREACHABLE_CODE = YES;
				CLANG_WARN__DUPLICATE_METHOD_MATCH = YES;
				COPY_PHASE_STRIP = NO;
				DEBUG_INFORMATION_FORMAT = "dwarf-with-dsym";
				ENABLE_NS_ASSERTIONS = NO;
				ENABLE_STRICT_OBJC_MSGSEND = YES;
				ENABLE_USER_SCRIPT_SANDBOXING = YES;
				GCC_C_LANGUAGE_STANDARD = gnu17;
				GCC_NO_COMMON_BLOCKS = YES;
				GCC_WARN_64_TO_32_BIT_CONVERSION = YES;
				GCC_WARN_ABOUT_RETURN_TYPE = YES_ERROR;
				GCC_WARN_UNDECLARED_SELECTOR = YES;
				GCC_WARN_UNINITIALIZED_AUTOS = YES_AGGRESSIVE;
				GCC_WARN_UNUSED_FUNCTION = YES;
				GCC_WARN_UNUSED_VARIABLE = YES;
				IPHONEOS_DEPLOYMENT_TARGET = 17.2;
				LOCALIZATION_PREFERS_STRING_CATALOGS = YES;
				MTL_ENABLE_DEBUG_INFO = NO;
				MTL_FAST_MATH = YES;
				SDKROOT = iphoneos;
				SWIFT_COMPILATION_MODE = wholemodule;
				VALIDATE_PRODUCT = YES;
			};
			name = Release;
		};
		062B2A602CB1A54000AD6720 /* Debug */ = {
			isa = XCBuildConfiguration;
			buildSettings = {
				ASSETCATALOG_COMPILER_APPICON_NAME = AppIcon;
				ASSETCATALOG_COMPILER_GLOBAL_ACCENT_COLOR_NAME = AccentColor;
				CODE_SIGN_IDENTITY = "Apple Development";
				CODE_SIGN_STYLE = Automatic;
				CURRENT_PROJECT_VERSION = 1;
				DEVELOPMENT_ASSET_PATHS = "\"prueba/Preview Content\"";
				DEVELOPMENT_TEAM = P2B8GBB5KP;
				ENABLE_PREVIEWS = YES;
				GENERATE_INFOPLIST_FILE = YES;
				INFOPLIST_KEY_UIApplicationSceneManifest_Generation = YES;
				INFOPLIST_KEY_UIApplicationSupportsIndirectInputEvents = YES;
				INFOPLIST_KEY_UILaunchScreen_Generation = YES;
				INFOPLIST_KEY_UISupportedInterfaceOrientations = "UIInterfaceOrientationLandscapeLeft UIInterfaceOrientationLandscapeRight UIInterfaceOrientationPortrait";
				INFOPLIST_KEY_UISupportedInterfaceOrientations_iPad = "UIInterfaceOrientationLandscapeLeft UIInterfaceOrientationLandscapeRight UIInterfaceOrientationPortrait UIInterfaceOrientationPortraitUpsideDown";
				LD_RUNPATH_SEARCH_PATHS = (
					"$(inherited)",
					"@executable_path/Frameworks",
				);
				MARKETING_VERSION = 1.0;
				PRODUCT_BUNDLE_IDENTIFIER = udlap.prueba;
				PRODUCT_NAME = "$(TARGET_NAME)";
				PROVISIONING_PROFILE_SPECIFIER = "";
				SWIFT_EMIT_LOC_STRINGS = YES;
				SWIFT_VERSION = 5.0;
				TARGETED_DEVICE_FAMILY = "1,2";
			};
			name = Debug;
		};
		062B2A612CB1A54000AD6720 /* Release */ = {
			isa = XCBuildConfiguration;
			buildSettings = {
				ASSETCATALOG_COMPILER_APPICON_NAME = AppIcon;
				ASSETCATALOG_COMPILER_GLOBAL_ACCENT_COLOR_NAME = AccentColor;
				CODE_SIGN_IDENTITY = "Apple Development";
				CODE_SIGN_STYLE = Automatic;
				CURRENT_PROJECT_VERSION = 1;
				DEVELOPMENT_ASSET_PATHS = "\"prueba/Preview Content\"";
				DEVELOPMENT_TEAM = P2B8GBB5KP;
				ENABLE_PREVIEWS = YES;
				GENERATE_INFOPLIST_FILE = YES;
				INFOPLIST_KEY_UIApplicationSceneManifest_Generation = YES;
				INFOPLIST_KEY_UIApplicationSupportsIndirectInputEvents = YES;
				INFOPLIST_KEY_UILaunchScreen_Generation = YES;
				INFOPLIST_KEY_UISupportedInterfaceOrientations = "UIInterfaceOrientationLandscapeLeft UIInterfaceOrientationLandscapeRight UIInterfaceOrientationPortrait";
				INFOPLIST_KEY_UISupportedInterfaceOrientations_iPad = "UIInterfaceOrientationLandscapeLeft UIInterfaceOrientationLandscapeRight UIInterfaceOrientationPortrait UIInterfaceOrientationPortraitUpsideDown";
				LD_RUNPATH_SEARCH_PATHS = (
					"$(inherited)",
					"@executable_path/Frameworks",
				);
				MARKETING_VERSION = 1.0;
				PRODUCT_BUNDLE_IDENTIFIER = udlap.prueba;
				PRODUCT_NAME = "$(TARGET_NAME)";
				PROVISIONING_PROFILE_SPECIFIER = "";
				SWIFT_EMIT_LOC_STRINGS = YES;
				SWIFT_VERSION = 5.0;
				TARGETED_DEVICE_FAMILY = "1,2";
			};
			name = Release;
		};
/* End XCBuildConfiguration section */

/* Begin XCConfigurationList section */
		062B2A472CB1A54000AD6720 /* Build configuration list for PBXProject "Registro del usuario" */ = {
			isa = XCConfigurationList;
			buildConfigurations = (
				062B2A5D2CB1A54000AD6720 /* Debug */,
				062B2A5E2CB1A54000AD6720 /* Release */,
			);
			defaultConfigurationIsVisible = 0;
			defaultConfigurationName = Release;
		};
		062B2A5F2CB1A54000AD6720 /* Build configuration list for PBXNativeTarget "Registro del usuario" */ = {
			isa = XCConfigurationList;
			buildConfigurations = (
				062B2A602CB1A54000AD6720 /* Debug */,
				062B2A612CB1A54000AD6720 /* Release */,
			);
			defaultConfigurationIsVisible = 0;
			defaultConfigurationName = Release;
		};
/* End XCConfigurationList section */

/* Begin XCRemoteSwiftPackageReference section */
		06AE53F22CB32D5F009025D9 /* XCRemoteSwiftPackageReference "firebase-ios-sdk" */ = {
			isa = XCRemoteSwiftPackageReference;
			repositoryURL = "https://github.com/firebase/firebase-ios-sdk.git";
			requirement = {
				kind = upToNextMajorVersion;
				minimumVersion = 11.3.0;
			};
		};
/* End XCRemoteSwiftPackageReference section */

/* Begin XCSwiftPackageProductDependency section */
		068B19712CB344C100FDB06F /* FirebaseAuth */ = {
			isa = XCSwiftPackageProductDependency;
			package = 06AE53F22CB32D5F009025D9 /* XCRemoteSwiftPackageReference "firebase-ios-sdk" */;
			productName = FirebaseAuth;
		};
		06AE53F32CB32D5F009025D9 /* FirebaseAnalytics */ = {
			isa = XCSwiftPackageProductDependency;
			package = 06AE53F22CB32D5F009025D9 /* XCRemoteSwiftPackageReference "firebase-ios-sdk" */;
			productName = FirebaseAnalytics;
		};
		06AE53F52CB32D5F009025D9 /* FirebaseAnalyticsOnDeviceConversion */ = {
			isa = XCSwiftPackageProductDependency;
			package = 06AE53F22CB32D5F009025D9 /* XCRemoteSwiftPackageReference "firebase-ios-sdk" */;
			productName = FirebaseAnalyticsOnDeviceConversion;
		};
/* End XCSwiftPackageProductDependency section */

/* Begin XCVersionGroup section */
		062B2A5A2CB1A54000AD6720 /* prueba.xcdatamodeld */ = {
			isa = XCVersionGroup;
			children = (
				062B2A5B2CB1A54000AD6720 /* prueba.xcdatamodel */,
			);
			currentVersion = 062B2A5B2CB1A54000AD6720 /* prueba.xcdatamodel */;
			path = prueba.xcdatamodeld;
			sourceTree = "<group>";
			versionGroupType = wrapper.xcdatamodel;
		};
/* End XCVersionGroup section */
	};
	rootObject = 062B2A442CB1A54000AD6720 /* Project object */;
}
